
Microsoft Visual Studio Solution File, Format Version 12.00
# Visual Studio Version 17
VisualStudioVersion = 17.1.32328.378
MinimumVisualStudioVersion = 10.0.40219.1
Project("{9A19103F-16F7-4668-BE54-9A1E7A4F7556}") = "DubUrl", "DubUrl.Core\DubUrl.csproj", "{28B2B470-F5B5-4FDE-8250-1A18C3FDC578}"
EndProject
Project("{9A19103F-16F7-4668-BE54-9A1E7A4F7556}") = "DubUrl.Testing", "DubUrl.Testing\DubUrl.Testing.csproj", "{A0CDC412-D16C-4508-96FC-6F0BB383E962}"
EndProject
Project("{2150E333-8FDC-42A3-9474-1A3956D46DE8}") = "Solution Items", "Solution Items", "{C923A152-4091-48BE-A984-686FF5E4ACCC}"
EndProject
Project("{2150E333-8FDC-42A3-9474-1A3956D46DE8}") = "Build", "Build", "{95E83BA6-B535-4D56-B06A-D00249A4EF00}"
	ProjectSection(SolutionItems) = preProject
		appveyor.yml = appveyor.yml
		Directory.Build.props = Directory.Build.props
		Directory.Build.targets = Directory.Build.targets
		GitVersion.yml = GitVersion.yml
	EndProjectSection
EndProject
Project("{2150E333-8FDC-42A3-9474-1A3956D46DE8}") = "Project", "Project", "{09BDFA96-353F-419D-890A-D9B9045E66DD}"
	ProjectSection(SolutionItems) = preProject
		LICENSE = LICENSE
		README.md = README.md
	EndProjectSection
EndProject
Project("{2150E333-8FDC-42A3-9474-1A3956D46DE8}") = "Edit", "Edit", "{210C887C-6FF3-4D1B-9A7B-894E2F286FF4}"
	ProjectSection(SolutionItems) = preProject
		.gitignore = .gitignore
	EndProjectSection
EndProject
Project("{2150E333-8FDC-42A3-9474-1A3956D46DE8}") = "Tests", "Tests", "{FD180A2C-BE47-4F68-8EA9-F98CAFFD9F74}"
	ProjectSection(SolutionItems) = preProject
		deploy-duckdb-test-env.ps1 = deploy-duckdb-test-env.ps1
		deploy-msexcel-test-env.ps1 = deploy-msexcel-test-env.ps1
		deploy-mssql-test-env.ps1 = deploy-mssql-test-env.ps1
		deploy-mysql-test-env.ps1 = deploy-mysql-test-env.ps1
		deploy-pgsql-test-env.ps1 = deploy-pgsql-test-env.ps1
		deploy-sqlite-test-env.ps1 = deploy-sqlite-test-env.ps1
		deploy-text-test-env.ps1 = deploy-text-test-env.ps1
	EndProjectSection
EndProject
Project("{9A19103F-16F7-4668-BE54-9A1E7A4F7556}") = "DubUrl.QA", "DubUrl.QA\DubUrl.QA.csproj", "{64B6AA4F-BFD2-40EB-B04A-8FE795272653}"
EndProject
Project("{2150E333-8FDC-42A3-9474-1A3956D46DE8}") = "QA", "QA", "{0224B6BC-7B2A-4CA0-9C12-A514A94BBDA8}"
EndProject
Project("{9A19103F-16F7-4668-BE54-9A1E7A4F7556}") = "Duburl.OleDb", "Duburl.OleDb\Duburl.OleDb.csproj", "{0AE44749-5793-4138-BC6F-4092A69976C0}"
EndProject
Project("{9A19103F-16F7-4668-BE54-9A1E7A4F7556}") = "DubUrl.OleDb.Testing", "DubUrl.OleDb.Testing\DubUrl.OleDb.Testing.csproj", "{0532D8EA-CFF6-48EA-9843-E6B19D66F997}"
EndProject
Project("{2150E333-8FDC-42A3-9474-1A3956D46DE8}") = "OleDb", "OleDb", "{C63A5E14-59D8-4D05-8557-2E27DE7FD0FB}"
EndProject
Project("{2150E333-8FDC-42A3-9474-1A3956D46DE8}") = "Extensions", "Extensions", "{AD94AAB8-523D-44E3-AAB6-29FA38611B8F}"
EndProject
Project("{9A19103F-16F7-4668-BE54-9A1E7A4F7556}") = "DubUrl.Extensions.DependencyInjection", "DubUrl.Extensions.DependencyInjection\DubUrl.Extensions.DependencyInjection.csproj", "{E89F60EE-4A74-4159-B340-95BBA7507F46}"
EndProject
Project("{9A19103F-16F7-4668-BE54-9A1E7A4F7556}") = "DubUrl.Extensions.DependencyInjection.Testing", "DubUrl.Extensions.DependencyInjection.Testing\DubUrl.Extensions.DependencyInjection.Testing.csproj", "{B609EAA1-2443-4F75-9C31-AE048B3CB1DF}"
EndProject
Project("{2150E333-8FDC-42A3-9474-1A3956D46DE8}") = "Docs", "Docs", "{BAFC00CA-8CE9-4A48-B05B-45982D1F6F0F}"
	ProjectSection(SolutionItems) = preProject
		generate-odbc-driver-info.ps1 = generate-odbc-driver-info.ps1
		generate-oledb-provider-info.ps1 = generate-oledb-provider-info.ps1
		generate-scheme-info.ps1 = generate-scheme-info.ps1
		generate-table-scheme.ps1 = generate-table-scheme.ps1
	EndProjectSection
EndProject
Global
	GlobalSection(SolutionConfigurationPlatforms) = preSolution
		Debug|Any CPU = Debug|Any CPU
		Release|Any CPU = Release|Any CPU
	EndGlobalSection
	GlobalSection(ProjectConfigurationPlatforms) = postSolution
		{28B2B470-F5B5-4FDE-8250-1A18C3FDC578}.Debug|Any CPU.ActiveCfg = Debug|Any CPU
		{28B2B470-F5B5-4FDE-8250-1A18C3FDC578}.Debug|Any CPU.Build.0 = Debug|Any CPU
		{28B2B470-F5B5-4FDE-8250-1A18C3FDC578}.Release|Any CPU.ActiveCfg = Release|Any CPU
		{28B2B470-F5B5-4FDE-8250-1A18C3FDC578}.Release|Any CPU.Build.0 = Release|Any CPU
		{A0CDC412-D16C-4508-96FC-6F0BB383E962}.Debug|Any CPU.ActiveCfg = Debug|Any CPU
		{A0CDC412-D16C-4508-96FC-6F0BB383E962}.Debug|Any CPU.Build.0 = Debug|Any CPU
		{A0CDC412-D16C-4508-96FC-6F0BB383E962}.Release|Any CPU.ActiveCfg = Release|Any CPU
		{A0CDC412-D16C-4508-96FC-6F0BB383E962}.Release|Any CPU.Build.0 = Release|Any CPU
		{64B6AA4F-BFD2-40EB-B04A-8FE795272653}.Debug|Any CPU.ActiveCfg = Debug|Any CPU
		{64B6AA4F-BFD2-40EB-B04A-8FE795272653}.Debug|Any CPU.Build.0 = Debug|Any CPU
		{64B6AA4F-BFD2-40EB-B04A-8FE795272653}.Release|Any CPU.ActiveCfg = Release|Any CPU
		{64B6AA4F-BFD2-40EB-B04A-8FE795272653}.Release|Any CPU.Build.0 = Release|Any CPU
		{0AE44749-5793-4138-BC6F-4092A69976C0}.Debug|Any CPU.ActiveCfg = Debug|Any CPU
		{0AE44749-5793-4138-BC6F-4092A69976C0}.Debug|Any CPU.Build.0 = Debug|Any CPU
		{0AE44749-5793-4138-BC6F-4092A69976C0}.Release|Any CPU.ActiveCfg = Release|Any CPU
		{0AE44749-5793-4138-BC6F-4092A69976C0}.Release|Any CPU.Build.0 = Release|Any CPU
		{0532D8EA-CFF6-48EA-9843-E6B19D66F997}.Debug|Any CPU.ActiveCfg = Debug|Any CPU
		{0532D8EA-CFF6-48EA-9843-E6B19D66F997}.Debug|Any CPU.Build.0 = Debug|Any CPU
		{0532D8EA-CFF6-48EA-9843-E6B19D66F997}.Release|Any CPU.ActiveCfg = Release|Any CPU
		{0532D8EA-CFF6-48EA-9843-E6B19D66F997}.Release|Any CPU.Build.0 = Release|Any CPU
		{E89F60EE-4A74-4159-B340-95BBA7507F46}.Debug|Any CPU.ActiveCfg = Debug|Any CPU
		{E89F60EE-4A74-4159-B340-95BBA7507F46}.Debug|Any CPU.Build.0 = Debug|Any CPU
		{E89F60EE-4A74-4159-B340-95BBA7507F46}.Release|Any CPU.ActiveCfg = Release|Any CPU
		{E89F60EE-4A74-4159-B340-95BBA7507F46}.Release|Any CPU.Build.0 = Release|Any CPU
		{B609EAA1-2443-4F75-9C31-AE048B3CB1DF}.Debug|Any CPU.ActiveCfg = Debug|Any CPU
		{B609EAA1-2443-4F75-9C31-AE048B3CB1DF}.Debug|Any CPU.Build.0 = Debug|Any CPU
		{B609EAA1-2443-4F75-9C31-AE048B3CB1DF}.Release|Any CPU.ActiveCfg = Release|Any CPU
		{B609EAA1-2443-4F75-9C31-AE048B3CB1DF}.Release|Any CPU.Build.0 = Release|Any CPU
	EndGlobalSection
	GlobalSection(SolutionProperties) = preSolution
		HideSolutionNode = FALSE
	EndGlobalSection
	GlobalSection(NestedProjects) = preSolution
		{95E83BA6-B535-4D56-B06A-D00249A4EF00} = {C923A152-4091-48BE-A984-686FF5E4ACCC}
		{09BDFA96-353F-419D-890A-D9B9045E66DD} = {C923A152-4091-48BE-A984-686FF5E4ACCC}
		{210C887C-6FF3-4D1B-9A7B-894E2F286FF4} = {C923A152-4091-48BE-A984-686FF5E4ACCC}
		{FD180A2C-BE47-4F68-8EA9-F98CAFFD9F74} = {95E83BA6-B535-4D56-B06A-D00249A4EF00}
		{64B6AA4F-BFD2-40EB-B04A-8FE795272653} = {0224B6BC-7B2A-4CA0-9C12-A514A94BBDA8}
		{0AE44749-5793-4138-BC6F-4092A69976C0} = {C63A5E14-59D8-4D05-8557-2E27DE7FD0FB}
		{0532D8EA-CFF6-48EA-9843-E6B19D66F997} = {C63A5E14-59D8-4D05-8557-2E27DE7FD0FB}
		{E89F60EE-4A74-4159-B340-95BBA7507F46} = {AD94AAB8-523D-44E3-AAB6-29FA38611B8F}
		{B609EAA1-2443-4F75-9C31-AE048B3CB1DF} = {AD94AAB8-523D-44E3-AAB6-29FA38611B8F}
		{BAFC00CA-8CE9-4A48-B05B-45982D1F6F0F} = {95E83BA6-B535-4D56-B06A-D00249A4EF00}
	EndGlobalSection
	GlobalSection(ExtensibilityGlobals) = postSolution
		SolutionGuid = {8EABD9FE-559A-40AF-BB4B-8026F9240FEF}
	EndGlobalSection
EndGlobal
